
Microsoft Visual Studio Solution File, Format Version 12.00
# Visual Studio Version 16
VisualStudioVersion = 16.0.31229.75
MinimumVisualStudioVersion = 10.0.40219.1
Project("{FAE04EC0-301F-11D3-BF4B-00C04F79EFBC}") = "MyProject", "MyProject.csproj", "{84FB5172-88BC-496A-AD8E-EF351C16BB47}"
EndProject
Global
	GlobalSection(SolutionConfigurationPlatforms) = preSolution
		Debug|Any CPU = Debug|Any CPU
		Release|Any CPU = Release|Any CPU
	EndGlobalSection
	GlobalSection(ProjectConfigurationPlatforms) = postSolution
		{84FB5172-88BC-496A-AD8E-EF351C16BB47}.Debug|Any CPU.ActiveCfg = Debug|Any CPU
		{84FB5172-88BC-496A-AD8E-EF351C16BB47}.Debug|Any CPU.Build.0 = Debug|Any CPU
		{84FB5172-88BC-496A-AD8E-EF351C16BB47}.Release|Any CPU.ActiveCfg = Release|Any CPU
		{84FB5172-88BC-496A-AD8E-EF351C16BB47}.Release|Any CPU.Build.0 = Release|Any CPU
	EndGlobalSection
	GlobalSection(SolutionProperties) = preSolution
		HideSolutionNode = FALSE
	EndGlobalSection
	GlobalSection(ExtensibilityGlobals) = postSolution
		SolutionGuid = {287DD4AF-9B1A-4B35-9FB3-07D01C6031BD}
	EndGlobalSection
EndGlobal
